
Microsoft Visual Studio Solution File, Format Version 12.00
# Visual Studio Version 16
VisualStudioVersion = 16.0.30320.27
MinimumVisualStudioVersion = 10.0.40219.1
Project("{8BC9CEB8-8B4A-11D0-8D11-00A0C91BC942}") = "String", "String\String.vcxproj", "{E01278EE-2F50-4280-A7B6-C4D385107A46}"
EndProject
Global
	GlobalSection(SolutionConfigurationPlatforms) = preSolution
		Debug|x64 = Debug|x64
		Debug|x86 = Debug|x86
		Release|x64 = Release|x64
		Release|x86 = Release|x86
	EndGlobalSection
	GlobalSection(ProjectConfigurationPlatforms) = postSolution
		{E01278EE-2F50-4280-A7B6-C4D385107A46}.Debug|x64.ActiveCfg = Debug|x64
		{E01278EE-2F50-4280-A7B6-C4D385107A46}.Debug|x64.Build.0 = Debug|x64
		{E01278EE-2F50-4280-A7B6-C4D385107A46}.Debug|x86.ActiveCfg = Debug|Win32
		{E01278EE-2F50-4280-A7B6-C4D385107A46}.Debug|x86.Build.0 = Debug|Win32
		{E01278EE-2F50-4280-A7B6-C4D385107A46}.Release|x64.ActiveCfg = Release|x64
		{E01278EE-2F50-4280-A7B6-C4D385107A46}.Release|x64.Build.0 = Release|x64
		{E01278EE-2F50-4280-A7B6-C4D385107A46}.Release|x86.ActiveCfg = Release|Win32
		{E01278EE-2F50-4280-A7B6-C4D385107A46}.Release|x86.Build.0 = Release|Win32
	EndGlobalSection
	GlobalSection(SolutionProperties) = preSolution
		HideSolutionNode = FALSE
	EndGlobalSection
	GlobalSection(ExtensibilityGlobals) = postSolution
		SolutionGuid = {D71C0FAC-7562-41C8-B44F-39B77F3864C4}
	EndGlobalSection
EndGlobal
